
Microsoft Visual Studio Solution File, Format Version 12.00
# Visual Studio Version 16
VisualStudioVersion = 16.0.29123.88
MinimumVisualStudioVersion = 10.0.40219.1
Project("{F184B08F-C81C-45F6-A57F-5ABD9991F28F}") = "BricksManagement", "BricksManagement.vbproj", "{7486EA52-5577-483E-84D1-AE00F0A183DB}"
EndProject
Project("{54435603-DBB4-11D2-8724-00A0C9A8B90C}") = "Bricks Management", "..\Bricks Management\Bricks Management.vdproj", "{4F7B8D31-276A-4112-A689-0D4889A8DF24}"
EndProject
Global
	GlobalSection(SolutionConfigurationPlatforms) = preSolution
		Debug|Any CPU = Debug|Any CPU
		Release|Any CPU = Release|Any CPU
	EndGlobalSection
	GlobalSection(ProjectConfigurationPlatforms) = postSolution
		{7486EA52-5577-483E-84D1-AE00F0A183DB}.Debug|Any CPU.ActiveCfg = Debug|Any CPU
		{7486EA52-5577-483E-84D1-AE00F0A183DB}.Debug|Any CPU.Build.0 = Debug|Any CPU
		{7486EA52-5577-483E-84D1-AE00F0A183DB}.Release|Any CPU.ActiveCfg = Release|Any CPU
		{7486EA52-5577-483E-84D1-AE00F0A183DB}.Release|Any CPU.Build.0 = Release|Any CPU
		{4F7B8D31-276A-4112-A689-0D4889A8DF24}.Debug|Any CPU.ActiveCfg = Debug
		{4F7B8D31-276A-4112-A689-0D4889A8DF24}.Release|Any CPU.ActiveCfg = Release
	EndGlobalSection
	GlobalSection(SolutionProperties) = preSolution
		HideSolutionNode = FALSE
	EndGlobalSection
	GlobalSection(ExtensibilityGlobals) = postSolution
		SolutionGuid = {CFEA06C9-5866-490E-AD6C-D707CAB966BC}
	EndGlobalSection
EndGlobal
